// !$*UTF8*$!
{
	archiveVersion = 1;
	classes = {
	};
	objectVersion = 56;
	objects = {

/* Begin PBXBuildFile section */
		005526882B6990D500D2D415 /* RideRequestView.swift in Sources */ = {isa = PBXBuildFile; fileRef = 005526872B6990D500D2D415 /* RideRequestView.swift */; };
		0055268A2B69A54C00D2D415 /* RideType.swift in Sources */ = {isa = PBXBuildFile; fileRef = 005526892B69A54C00D2D415 /* RideType.swift */; };
		006A4F6C2B66D95400BA8609 /* MapViewState.swift in Sources */ = {isa = PBXBuildFile; fileRef = 006A4F6B2B66D95400BA8609 /* MapViewState.swift */; };
		008EC4AB2B62F74C009E8418 /* UberCloneApp.swift in Sources */ = {isa = PBXBuildFile; fileRef = 008EC4AA2B62F74C009E8418 /* UberCloneApp.swift */; };
		008EC4AF2B62F74D009E8418 /* Assets.xcassets in Resources */ = {isa = PBXBuildFile; fileRef = 008EC4AE2B62F74D009E8418 /* Assets.xcassets */; };
		008EC4B22B62F74D009E8418 /* Preview Assets.xcassets in Resources */ = {isa = PBXBuildFile; fileRef = 008EC4B12B62F74D009E8418 /* Preview Assets.xcassets */; };
		008EC4C12B62F7EB009E8418 /* HomeView.swift in Sources */ = {isa = PBXBuildFile; fileRef = 008EC4C02B62F7EB009E8418 /* HomeView.swift */; };
		008EC4C32B62F85A009E8418 /* UberMapViewRepresentable.swift in Sources */ = {isa = PBXBuildFile; fileRef = 008EC4C22B62F85A009E8418 /* UberMapViewRepresentable.swift */; };
		008EC4C52B62FD28009E8418 /* LocationManager.swift in Sources */ = {isa = PBXBuildFile; fileRef = 008EC4C42B62FD28009E8418 /* LocationManager.swift */; };
		008EC4CB2B631261009E8418 /* LocationSearchActivationView.swift in Sources */ = {isa = PBXBuildFile; fileRef = 008EC4CA2B631261009E8418 /* LocationSearchActivationView.swift */; };
		008EC4CD2B631406009E8418 /* mapViewActionButton.swift in Sources */ = {isa = PBXBuildFile; fileRef = 008EC4CC2B631406009E8418 /* mapViewActionButton.swift */; };
		008EC4CF2B6315AC009E8418 /* LocationSearchView.swift in Sources */ = {isa = PBXBuildFile; fileRef = 008EC4CE2B6315AC009E8418 /* LocationSearchView.swift */; };
		008EC4D12B6318E1009E8418 /* LocationSearchResultCell.swift in Sources */ = {isa = PBXBuildFile; fileRef = 008EC4D02B6318E1009E8418 /* LocationSearchResultCell.swift */; };
		008EC4D32B6321D8009E8418 /* LocationSearchViewModel.swift in Sources */ = {isa = PBXBuildFile; fileRef = 008EC4D22B6321D8009E8418 /* LocationSearchViewModel.swift */; };
		00F870362B6A9B7700CBA5AF /* Double.swift in Sources */ = {isa = PBXBuildFile; fileRef = 00F870352B6A9B7700CBA5AF /* Double.swift */; };
		00F870382B6AA0C700CBA5AF /* UberLocation.swift in Sources */ = {isa = PBXBuildFile; fileRef = 00F870372B6AA0C700CBA5AF /* UberLocation.swift */; };
		00F8703A2B6AAF1900CBA5AF /* Color.swift in Sources */ = {isa = PBXBuildFile; fileRef = 00F870392B6AAF1900CBA5AF /* Color.swift */; };
/* End PBXBuildFile section */

/* Begin PBXFileReference section */
		005526872B6990D500D2D415 /* RideRequestView.swift */ = {isa = PBXFileReference; lastKnownFileType = sourcecode.swift; path = RideRequestView.swift; sourceTree = "<group>"; };
		005526892B69A54C00D2D415 /* RideType.swift */ = {isa = PBXFileReference; lastKnownFileType = sourcecode.swift; path = RideType.swift; sourceTree = "<group>"; };
		006A4F6B2B66D95400BA8609 /* MapViewState.swift */ = {isa = PBXFileReference; lastKnownFileType = sourcecode.swift; path = MapViewState.swift; sourceTree = "<group>"; };
		008EC4A72B62F74C009E8418 /* UberClone.app */ = {isa = PBXFileReference; explicitFileType = wrapper.application; includeInIndex = 0; path = UberClone.app; sourceTree = BUILT_PRODUCTS_DIR; };
		008EC4AA2B62F74C009E8418 /* UberCloneApp.swift */ = {isa = PBXFileReference; lastKnownFileType = sourcecode.swift; path = UberCloneApp.swift; sourceTree = "<group>"; };
		008EC4AE2B62F74D009E8418 /* Assets.xcassets */ = {isa = PBXFileReference; lastKnownFileType = folder.assetcatalog; path = Assets.xcassets; sourceTree = "<group>"; };
		008EC4B12B62F74D009E8418 /* Preview Assets.xcassets */ = {isa = PBXFileReference; lastKnownFileType = folder.assetcatalog; path = "Preview Assets.xcassets"; sourceTree = "<group>"; };
		008EC4C02B62F7EB009E8418 /* HomeView.swift */ = {isa = PBXFileReference; lastKnownFileType = sourcecode.swift; path = HomeView.swift; sourceTree = "<group>"; };
		008EC4C22B62F85A009E8418 /* UberMapViewRepresentable.swift */ = {isa = PBXFileReference; lastKnownFileType = sourcecode.swift; path = UberMapViewRepresentable.swift; sourceTree = "<group>"; };
		008EC4C42B62FD28009E8418 /* LocationManager.swift */ = {isa = PBXFileReference; lastKnownFileType = sourcecode.swift; path = LocationManager.swift; sourceTree = "<group>"; };
		008EC4CA2B631261009E8418 /* LocationSearchActivationView.swift */ = {isa = PBXFileReference; lastKnownFileType = sourcecode.swift; path = LocationSearchActivationView.swift; sourceTree = "<group>"; };
		008EC4CC2B631406009E8418 /* mapViewActionButton.swift */ = {isa = PBXFileReference; lastKnownFileType = sourcecode.swift; path = mapViewActionButton.swift; sourceTree = "<group>"; };
		008EC4CE2B6315AC009E8418 /* LocationSearchView.swift */ = {isa = PBXFileReference; lastKnownFileType = sourcecode.swift; path = LocationSearchView.swift; sourceTree = "<group>"; };
		008EC4D02B6318E1009E8418 /* LocationSearchResultCell.swift */ = {isa = PBXFileReference; lastKnownFileType = sourcecode.swift; path = LocationSearchResultCell.swift; sourceTree = "<group>"; };
		008EC4D22B6321D8009E8418 /* LocationSearchViewModel.swift */ = {isa = PBXFileReference; lastKnownFileType = sourcecode.swift; path = LocationSearchViewModel.swift; sourceTree = "<group>"; };
		00F870352B6A9B7700CBA5AF /* Double.swift */ = {isa = PBXFileReference; lastKnownFileType = sourcecode.swift; path = Double.swift; sourceTree = "<group>"; };
		00F870372B6AA0C700CBA5AF /* UberLocation.swift */ = {isa = PBXFileReference; lastKnownFileType = sourcecode.swift; path = UberLocation.swift; sourceTree = "<group>"; };
		00F870392B6AAF1900CBA5AF /* Color.swift */ = {isa = PBXFileReference; lastKnownFileType = sourcecode.swift; path = Color.swift; sourceTree = "<group>"; };
/* End PBXFileReference section */

/* Begin PBXFrameworksBuildPhase section */
		008EC4A42B62F74C009E8418 /* Frameworks */ = {
			isa = PBXFrameworksBuildPhase;
			buildActionMask = 2147483647;
			files = (
			);
			runOnlyForDeploymentPostprocessing = 0;
		};
/* End PBXFrameworksBuildPhase section */

/* Begin PBXGroup section */
		005526862B6990B700D2D415 /* Trips */ = {
			isa = PBXGroup;
			children = (
				005526872B6990D500D2D415 /* RideRequestView.swift */,
			);
			path = Trips;
			sourceTree = "<group>";
		};
		008EC49E2B62F74C009E8418 = {
			isa = PBXGroup;
			children = (
				008EC4A92B62F74C009E8418 /* UberClone */,
				008EC4A82B62F74C009E8418 /* Products */,
			);
			sourceTree = "<group>";
		};
		008EC4A82B62F74C009E8418 /* Products */ = {
			isa = PBXGroup;
			children = (
				008EC4A72B62F74C009E8418 /* UberClone.app */,
			);
			name = Products;
			sourceTree = "<group>";
		};
		008EC4A92B62F74C009E8418 /* UberClone */ = {
			isa = PBXGroup;
			children = (
				008EC4BD2B62F782009E8418 /* App */,
				008EC4BA2B62F77A009E8418 /* Managers */,
				008EC4BB2B62F77D009E8418 /* Extensions */,
				008EC4BC2B62F77F009E8418 /* Core */,
				008EC4B92B62F775009E8418 /* Models */,
				008EC4AE2B62F74D009E8418 /* Assets.xcassets */,
				008EC4B02B62F74D009E8418 /* Preview Content */,
			);
			path = UberClone;
			sourceTree = "<group>";
		};
		008EC4B02B62F74D009E8418 /* Preview Content */ = {
			isa = PBXGroup;
			children = (
				008EC4B12B62F74D009E8418 /* Preview Assets.xcassets */,
			);
			path = "Preview Content";
			sourceTree = "<group>";
		};
		008EC4B92B62F775009E8418 /* Models */ = {
			isa = PBXGroup;
			children = (
				006A4F6B2B66D95400BA8609 /* MapViewState.swift */,
				005526892B69A54C00D2D415 /* RideType.swift */,
				00F870372B6AA0C700CBA5AF /* UberLocation.swift */,
			);
			path = Models;
			sourceTree = "<group>";
		};
		008EC4BA2B62F77A009E8418 /* Managers */ = {
			isa = PBXGroup;
			children = (
				008EC4C42B62FD28009E8418 /* LocationManager.swift */,
			);
			path = Managers;
			sourceTree = "<group>";
		};
		008EC4BB2B62F77D009E8418 /* Extensions */ = {
			isa = PBXGroup;
			children = (
				00F870352B6A9B7700CBA5AF /* Double.swift */,
				00F870392B6AAF1900CBA5AF /* Color.swift */,
			);
			path = Extensions;
			sourceTree = "<group>";
		};
		008EC4BC2B62F77F009E8418 /* Core */ = {
			isa = PBXGroup;
			children = (
				005526862B6990B700D2D415 /* Trips */,
				008EC4C72B631212009E8418 /* LocationSearch */,
				008EC4C62B631206009E8418 /* Home */,
			);
			path = Core;
			sourceTree = "<group>";
		};
		008EC4BD2B62F782009E8418 /* App */ = {
			isa = PBXGroup;
			children = (
				008EC4AA2B62F74C009E8418 /* UberCloneApp.swift */,
			);
			path = App;
			sourceTree = "<group>";
		};
		008EC4BE2B62F7C8009E8418 /* Views */ = {
			isa = PBXGroup;
			children = (
				008EC4C02B62F7EB009E8418 /* HomeView.swift */,
				008EC4C22B62F85A009E8418 /* UberMapViewRepresentable.swift */,
				008EC4CC2B631406009E8418 /* mapViewActionButton.swift */,
			);
			path = Views;
			sourceTree = "<group>";
		};
		008EC4C62B631206009E8418 /* Home */ = {
			isa = PBXGroup;
			children = (
				008EC4BE2B62F7C8009E8418 /* Views */,
			);
			path = Home;
			sourceTree = "<group>";
		};
		008EC4C72B631212009E8418 /* LocationSearch */ = {
			isa = PBXGroup;
			children = (
				008EC4C92B631231009E8418 /*  ViewModel */,
				008EC4C82B631224009E8418 /* Views */,
			);
			path = LocationSearch;
			sourceTree = "<group>";
		};
		008EC4C82B631224009E8418 /* Views */ = {
			isa = PBXGroup;
			children = (
				008EC4CE2B6315AC009E8418 /* LocationSearchView.swift */,
				008EC4D02B6318E1009E8418 /* LocationSearchResultCell.swift */,
				008EC4CA2B631261009E8418 /* LocationSearchActivationView.swift */,
			);
			path = Views;
			sourceTree = "<group>";
		};
		008EC4C92B631231009E8418 /*  ViewModel */ = {
			isa = PBXGroup;
			children = (
				008EC4D22B6321D8009E8418 /* LocationSearchViewModel.swift */,
			);
			path = " ViewModel";
			sourceTree = "<group>";
		};
/* End PBXGroup section */

/* Begin PBXNativeTarget section */
		008EC4A62B62F74C009E8418 /* UberClone */ = {
			isa = PBXNativeTarget;
			buildConfigurationList = 008EC4B52B62F74D009E8418 /* Build configuration list for PBXNativeTarget "UberClone" */;
			buildPhases = (
				008EC4A32B62F74C009E8418 /* Sources */,
				008EC4A42B62F74C009E8418 /* Frameworks */,
				008EC4A52B62F74C009E8418 /* Resources */,
			);
			buildRules = (
			);
			dependencies = (
			);
			name = UberClone;
			productName = UberClone;
			productReference = 008EC4A72B62F74C009E8418 /* UberClone.app */;
			productType = "com.apple.product-type.application";
		};
/* End PBXNativeTarget section */

/* Begin PBXProject section */
		008EC49F2B62F74C009E8418 /* Project object */ = {
			isa = PBXProject;
			attributes = {
				BuildIndependentTargetsInParallel = 1;
				LastSwiftUpdateCheck = 1430;
				LastUpgradeCheck = 1430;
				TargetAttributes = {
					008EC4A62B62F74C009E8418 = {
						CreatedOnToolsVersion = 14.3.1;
					};
				};
			};
			buildConfigurationList = 008EC4A22B62F74C009E8418 /* Build configuration list for PBXProject "UberClone" */;
			compatibilityVersion = "Xcode 14.0";
			developmentRegion = en;
			hasScannedForEncodings = 0;
			knownRegions = (
				en,
				Base,
			);
			mainGroup = 008EC49E2B62F74C009E8418;
			productRefGroup = 008EC4A82B62F74C009E8418 /* Products */;
			projectDirPath = "";
			projectRoot = "";
			targets = (
				008EC4A62B62F74C009E8418 /* UberClone */,
			);
		};
/* End PBXProject section */

/* Begin PBXResourcesBuildPhase section */
		008EC4A52B62F74C009E8418 /* Resources */ = {
			isa = PBXResourcesBuildPhase;
			buildActionMask = 2147483647;
			files = (
				008EC4B22B62F74D009E8418 /* Preview Assets.xcassets in Resources */,
				008EC4AF2B62F74D009E8418 /* Assets.xcassets in Resources */,
			);
			runOnlyForDeploymentPostprocessing = 0;
		};
/* End PBXResourcesBuildPhase section */

/* Begin PBXSourcesBuildPhase section */
		008EC4A32B62F74C009E8418 /* Sources */ = {
			isa = PBXSourcesBuildPhase;
			buildActionMask = 2147483647;
			files = (
				008EC4D32B6321D8009E8418 /* LocationSearchViewModel.swift in Sources */,
				008EC4CF2B6315AC009E8418 /* LocationSearchView.swift in Sources */,
				008EC4C52B62FD28009E8418 /* LocationManager.swift in Sources */,
				005526882B6990D500D2D415 /* RideRequestView.swift in Sources */,
				00F870362B6A9B7700CBA5AF /* Double.swift in Sources */,
				006A4F6C2B66D95400BA8609 /* MapViewState.swift in Sources */,
				008EC4AB2B62F74C009E8418 /* UberCloneApp.swift in Sources */,
				008EC4C32B62F85A009E8418 /* UberMapViewRepresentable.swift in Sources */,
				00F8703A2B6AAF1900CBA5AF /* Color.swift in Sources */,
				008EC4CD2B631406009E8418 /* mapViewActionButton.swift in Sources */,
				008EC4C12B62F7EB009E8418 /* HomeView.swift in Sources */,
				00F870382B6AA0C700CBA5AF /* UberLocation.swift in Sources */,
				008EC4CB2B631261009E8418 /* LocationSearchActivationView.swift in Sources */,
				008EC4D12B6318E1009E8418 /* LocationSearchResultCell.swift in Sources */,
				0055268A2B69A54C00D2D415 /* RideType.swift in Sources */,
			);
			runOnlyForDeploymentPostprocessing = 0;
		};
/* End PBXSourcesBuildPhase section */

/* Begin XCBuildConfiguration section */
		008EC4B32B62F74D009E8418 /* Debug */ = {
			isa = XCBuildConfiguration;
			buildSettings = {
				ALWAYS_SEARCH_USER_PATHS = NO;
				CLANG_ANALYZER_NONNULL = YES;
				CLANG_ANALYZER_NUMBER_OBJECT_CONVERSION = YES_AGGRESSIVE;
				CLANG_CXX_LANGUAGE_STANDARD = "gnu++20";
				CLANG_ENABLE_MODULES = YES;
				CLANG_ENABLE_OBJC_ARC = YES;
				CLANG_ENABLE_OBJC_WEAK = YES;
				CLANG_WARN_BLOCK_CAPTURE_AUTORELEASING = YES;
				CLANG_WARN_BOOL_CONVERSION = YES;
				CLANG_WARN_COMMA = YES;
				CLANG_WARN_CONSTANT_CONVERSION = YES;
				CLANG_WARN_DEPRECATED_OBJC_IMPLEMENTATIONS = YES;
				CLANG_WARN_DIRECT_OBJC_ISA_USAGE = YES_ERROR;
				CLANG_WARN_DOCUMENTATION_COMMENTS = YES;
				CLANG_WARN_EMPTY_BODY = YES;
				CLANG_WARN_ENUM_CONVERSION = YES;
				CLANG_WARN_INFINITE_RECURSION = YES;
				CLANG_WARN_INT_CONVERSION = YES;
				CLANG_WARN_NON_LITERAL_NULL_CONVERSION = YES;
				CLANG_WARN_OBJC_IMPLICIT_RETAIN_SELF = YES;
				CLANG_WARN_OBJC_LITERAL_CONVERSION = YES;
				CLANG_WARN_OBJC_ROOT_CLASS = YES_ERROR;
				CLANG_WARN_QUOTED_INCLUDE_IN_FRAMEWORK_HEADER = YES;
				CLANG_WARN_RANGE_LOOP_ANALYSIS = YES;
				CLANG_WARN_STRICT_PROTOTYPES = YES;
				CLANG_WARN_SUSPICIOUS_MOVE = YES;
				CLANG_WARN_UNGUARDED_AVAILABILITY = YES_AGGRESSIVE;
				CLANG_WARN_UNREACHABLE_CODE = YES;
				CLANG_WARN__DUPLICATE_METHOD_MATCH = YES;
				COPY_PHASE_STRIP = NO;
				DEBUG_INFORMATION_FORMAT = dwarf;
				ENABLE_STRICT_OBJC_MSGSEND = YES;
				ENABLE_TESTABILITY = YES;
				GCC_C_LANGUAGE_STANDARD = gnu11;
				GCC_DYNAMIC_NO_PIC = NO;
				GCC_NO_COMMON_BLOCKS = YES;
				GCC_OPTIMIZATION_LEVEL = 0;
				GCC_PREPROCESSOR_DEFINITIONS = (
					"DEBUG=1",
					"$(inherited)",
				);
				GCC_WARN_64_TO_32_BIT_CONVERSION = YES;
				GCC_WARN_ABOUT_RETURN_TYPE = YES_ERROR;
				GCC_WARN_UNDECLARED_SELECTOR = YES;
				GCC_WARN_UNINITIALIZED_AUTOS = YES_AGGRESSIVE;
				GCC_WARN_UNUSED_FUNCTION = YES;
				GCC_WARN_UNUSED_VARIABLE = YES;
				IPHONEOS_DEPLOYMENT_TARGET = 16.4;
				MTL_ENABLE_DEBUG_INFO = INCLUDE_SOURCE;
				MTL_FAST_MATH = YES;
				ONLY_ACTIVE_ARCH = YES;
				SDKROOT = iphoneos;
				SWIFT_ACTIVE_COMPILATION_CONDITIONS = DEBUG;
				SWIFT_OPTIMIZATION_LEVEL = "-Onone";
			};
			name = Debug;
		};
		008EC4B42B62F74D009E8418 /* Release */ = {
			isa = XCBuildConfiguration;
			buildSettings = {
				ALWAYS_SEARCH_USER_PATHS = NO;
				CLANG_ANALYZER_NONNULL = YES;
				CLANG_ANALYZER_NUMBER_OBJECT_CONVERSION = YES_AGGRESSIVE;
				CLANG_CXX_LANGUAGE_STANDARD = "gnu++20";
				CLANG_ENABLE_MODULES = YES;
				CLANG_ENABLE_OBJC_ARC = YES;
				CLANG_ENABLE_OBJC_WEAK = YES;
				CLANG_WARN_BLOCK_CAPTURE_AUTORELEASING = YES;
				CLANG_WARN_BOOL_CONVERSION = YES;
				CLANG_WARN_COMMA = YES;
				CLANG_WARN_CONSTANT_CONVERSION = YES;
				CLANG_WARN_DEPRECATED_OBJC_IMPLEMENTATIONS = YES;
				CLANG_WARN_DIRECT_OBJC_ISA_USAGE = YES_ERROR;
				CLANG_WARN_DOCUMENTATION_COMMENTS = YES;
				CLANG_WARN_EMPTY_BODY = YES;
				CLANG_WARN_ENUM_CONVERSION = YES;
				CLANG_WARN_INFINITE_RECURSION = YES;
				CLANG_WARN_INT_CONVERSION = YES;
				CLANG_WARN_NON_LITERAL_NULL_CONVERSION = YES;
				CLANG_WARN_OBJC_IMPLICIT_RETAIN_SELF = YES;
				CLANG_WARN_OBJC_LITERAL_CONVERSION = YES;
				CLANG_WARN_OBJC_ROOT_CLASS = YES_ERROR;
				CLANG_WARN_QUOTED_INCLUDE_IN_FRAMEWORK_HEADER = YES;
				CLANG_WARN_RANGE_LOOP_ANALYSIS = YES;
				CLANG_WARN_STRICT_PROTOTYPES = YES;
				CLANG_WARN_SUSPICIOUS_MOVE = YES;
				CLANG_WARN_UNGUARDED_AVAILABILITY = YES_AGGRESSIVE;
				CLANG_WARN_UNREACHABLE_CODE = YES;
				CLANG_WARN__DUPLICATE_METHOD_MATCH = YES;
				COPY_PHASE_STRIP = NO;
				DEBUG_INFORMATION_FORMAT = "dwarf-with-dsym";
				ENABLE_NS_ASSERTIONS = NO;
				ENABLE_STRICT_OBJC_MSGSEND = YES;
				GCC_C_LANGUAGE_STANDARD = gnu11;
				GCC_NO_COMMON_BLOCKS = YES;
				GCC_WARN_64_TO_32_BIT_CONVERSION = YES;
				GCC_WARN_ABOUT_RETURN_TYPE = YES_ERROR;
				GCC_WARN_UNDECLARED_SELECTOR = YES;
				GCC_WARN_UNINITIALIZED_AUTOS = YES_AGGRESSIVE;
				GCC_WARN_UNUSED_FUNCTION = YES;
				GCC_WARN_UNUSED_VARIABLE = YES;
				IPHONEOS_DEPLOYMENT_TARGET = 16.4;
				MTL_ENABLE_DEBUG_INFO = NO;
				MTL_FAST_MATH = YES;
				SDKROOT = iphoneos;
				SWIFT_COMPILATION_MODE = wholemodule;
				SWIFT_OPTIMIZATION_LEVEL = "-O";
				VALIDATE_PRODUCT = YES;
			};
			name = Release;
		};
		008EC4B62B62F74D009E8418 /* Debug */ = {
			isa = XCBuildConfiguration;
			buildSettings = {
				ASSETCATALOG_COMPILER_APPICON_NAME = AppIcon;
				ASSETCATALOG_COMPILER_GLOBAL_ACCENT_COLOR_NAME = AccentColor;
				CODE_SIGN_STYLE = Automatic;
				CURRENT_PROJECT_VERSION = 1;
				DEVELOPMENT_ASSET_PATHS = "\"UberClone/Preview Content\"";
				ENABLE_PREVIEWS = YES;
				GENERATE_INFOPLIST_FILE = YES;
				INFOPLIST_KEY_NSLocationWhenInUseUsageDescription = "Please allow to us to access your location to find you nearby drivers and rides.";
				INFOPLIST_KEY_UIApplicationSceneManifest_Generation = YES;
				INFOPLIST_KEY_UIApplicationSupportsIndirectInputEvents = YES;
				INFOPLIST_KEY_UILaunchScreen_Generation = YES;
				INFOPLIST_KEY_UISupportedInterfaceOrientations_iPad = "UIInterfaceOrientationPortrait UIInterfaceOrientationPortraitUpsideDown UIInterfaceOrientationLandscapeLeft UIInterfaceOrientationLandscapeRight";
				INFOPLIST_KEY_UISupportedInterfaceOrientations_iPhone = "UIInterfaceOrientationPortrait UIInterfaceOrientationLandscapeLeft UIInterfaceOrientationLandscapeRight";
				LD_RUNPATH_SEARCH_PATHS = (
					"$(inherited)",
					"@executable_path/Frameworks",
				);
				MARKETING_VERSION = 1.0;
				PRODUCT_BUNDLE_IDENTIFIER = com.ahmedfathy.UberClone;
				PRODUCT_NAME = "$(TARGET_NAME)";
				SWIFT_EMIT_LOC_STRINGS = YES;
				SWIFT_VERSION = 5.0;
				TARGETED_DEVICE_FAMILY = "1,2";
			};
			name = Debug;
		};
		008EC4B72B62F74D009E8418 /* Release */ = {
			isa = XCBuildConfiguration;
			buildSettings = {
				ASSETCATALOG_COMPILER_APPICON_NAME = AppIcon;
				ASSETCATALOG_COMPILER_GLOBAL_ACCENT_COLOR_NAME = AccentColor;
				CODE_SIGN_STYLE = Automatic;
				CURRENT_PROJECT_VERSION = 1;
				DEVELOPMENT_ASSET_PATHS = "\"UberClone/Preview Content\"";
				ENABLE_PREVIEWS = YES;
				GENERATE_INFOPLIST_FILE = YES;
				INFOPLIST_KEY_NSLocationWhenInUseUsageDescription = "Please allow to us to access your location to find you nearby drivers and rides.";
				INFOPLIST_KEY_UIApplicationSceneManifest_Generation = YES;
				INFOPLIST_KEY_UIApplicationSupportsIndirectInputEvents = YES;
				INFOPLIST_KEY_UILaunchScreen_Generation = YES;
				INFOPLIST_KEY_UISupportedInterfaceOrientations_iPad = "UIInterfaceOrientationPortrait UIInterfaceOrientationPortraitUpsideDown UIInterfaceOrientationLandscapeLeft UIInterfaceOrientationLandscapeRight";
				INFOPLIST_KEY_UISupportedInterfaceOrientations_iPhone = "UIInterfaceOrientationPortrait UIInterfaceOrientationLandscapeLeft UIInterfaceOrientationLandscapeRight";
				LD_RUNPATH_SEARCH_PATHS = (
					"$(inherited)",
					"@executable_path/Frameworks",
				);
				MARKETING_VERSION = 1.0;
				PRODUCT_BUNDLE_IDENTIFIER = com.ahmedfathy.UberClone;
				PRODUCT_NAME = "$(TARGET_NAME)";
				SWIFT_EMIT_LOC_STRINGS = YES;
				SWIFT_VERSION = 5.0;
				TARGETED_DEVICE_FAMILY = "1,2";
			};
			name = Release;
		};
/* End XCBuildConfiguration section */

/* Begin XCConfigurationList section */
		008EC4A22B62F74C009E8418 /* Build configuration list for PBXProject "UberClone" */ = {
			isa = XCConfigurationList;
			buildConfigurations = (
				008EC4B32B62F74D009E8418 /* Debug */,
				008EC4B42B62F74D009E8418 /* Release */,
			);
			defaultConfigurationIsVisible = 0;
			defaultConfigurationName = Release;
		};
		008EC4B52B62F74D009E8418 /* Build configuration list for PBXNativeTarget "UberClone" */ = {
			isa = XCConfigurationList;
			buildConfigurations = (
				008EC4B62B62F74D009E8418 /* Debug */,
				008EC4B72B62F74D009E8418 /* Release */,
			);
			defaultConfigurationIsVisible = 0;
			defaultConfigurationName = Release;
		};
/* End XCConfigurationList section */
	};
	rootObject = 008EC49F2B62F74C009E8418 /* Project object */;
}
